{
  "version": 4,
  "terraform_version": "1.2.3",
  "serial": 12,
  "lineage": "e13b9146-e257-6a6b-7ffe-5f120ac50e8c",
  "outputs": {
    "Name": {
      "value": "tf-state-ip-172-31-78-18-1656092965593858851",
      "type": "string"
    },
    "dynamodb_table_name_c9net": {
      "value": "terraform_locks_c9net",
      "type": "string"
    },
    "dynamodb_table_name_cicd": {
      "value": "terraform_locks_cicd",
      "type": "string"
    },
    "dynamodb_table_name_cluster": {
      "value": "terraform_locks_cluster",
      "type": "string"
    },
    "dynamodb_table_name_eks-cidr": {
      "value": "terraform_locks_eks-cidr",
      "type": "string"
    },
    "dynamodb_table_name_iam": {
      "value": "terraform_locks_iam",
      "type": "string"
    },
    "dynamodb_table_name_net": {
      "value": "terraform_locks_net",
      "type": "string"
    },
    "dynamodb_table_name_nodeg": {
      "value": "terraform_locks_nodeg",
      "type": "string"
    },
    "dynamodb_table_name_sampleapp": {
      "value": "terraform_locks_sampleapp",
      "type": "string"
    },
    "region": {
      "value": [
        "us-east-1"
      ],
      "type": [
        "tuple",
        [
          "string"
        ]
      ]
    },
    "s3_bucket": {
      "value": [
        "tf-state-ip-172-31-78-18-1656092965593858851"
      ],
      "type": [
        "tuple",
        [
          "string"
        ]
      ]
    },
    "tfid": {
      "value": "a46020ee3daf54a4",
      "type": "string"
    }
  },
  "resources": [
    {
      "mode": "data",
      "type": "aws_availability_zones",
      "name": "az",
      "provider": "provider[\"registry.terraform.io/hashicorp/aws\"]",
      "instances": [
        {
          "schema_version": 0,
          "attributes": {
            "all_availability_zones": null,
            "exclude_names": null,
            "exclude_zone_ids": null,
            "filter": null,
            "group_names": [
              "us-east-1"
            ],
            "id": "us-east-1",
            "names": [
              "us-east-1a",
              "us-east-1b",
              "us-east-1c",
              "us-east-1d",
              "us-east-1e",
              "us-east-1f"
            ],
            "state": "available",
            "zone_ids": [
              "use1-az6",
              "use1-az1",
              "use1-az2",
              "use1-az4",
              "use1-az3",
              "use1-az5"
            ]
          },
          "sensitive_attributes": []
        }
      ]
    },
    {
      "mode": "data",
      "type": "aws_caller_identity",
      "name": "current",
      "provider": "provider[\"registry.terraform.io/hashicorp/aws\"]",
      "instances": [
        {
          "schema_version": 0,
          "attributes": {
            "account_id": "652269396215",
            "arn": "arn:aws:sts::652269396215:assumed-role/eksworkshop-admin/i-0cd2e232ad3b3cf89",
            "id": "652269396215",
            "user_id": "AROAZPXSJED3Y33SOQ4YN:i-0cd2e232ad3b3cf89"
          },
          "sensitive_attributes": []
        }
      ]
    },
    {
      "mode": "data",
      "type": "aws_region",
      "name": "current",
      "provider": "provider[\"registry.terraform.io/hashicorp/aws\"]",
      "instances": [
        {
          "schema_version": 0,
          "attributes": {
            "description": "US East (N. Virginia)",
            "endpoint": "ec2.us-east-1.amazonaws.com",
            "id": "us-east-1",
            "name": "us-east-1"
          },
          "sensitive_attributes": []
        }
      ]
    },
    {
      "mode": "data",
      "type": "external",
      "name": "bucket_name",
      "provider": "provider[\"registry.terraform.io/hashicorp/external\"]",
      "instances": [
        {
          "schema_version": 0,
          "attributes": {
            "id": "-",
            "program": [
              "bash",
              "get-bucket-name.sh"
            ],
            "query": null,
            "result": {
              "Name": "tf-state-ip-172-31-78-18-1656092965593858851"
            },
            "working_dir": null
          },
          "sensitive_attributes": []
        }
      ]
    },
    {
      "mode": "managed",
      "type": "aws_s3_bucket",
      "name": "terraform_state",
      "provider": "provider[\"registry.terraform.io/hashicorp/aws\"]",
      "instances": [
        {
          "schema_version": 0,
          "attributes": {
            "acceleration_status": "",
            "acl": "private",
            "arn": "arn:aws:s3:::tf-state-ip-172-31-78-18-1656092965593858851",
            "bucket": "tf-state-ip-172-31-78-18-1656092965593858851",
            "bucket_domain_name": "tf-state-ip-172-31-78-18-1656092965593858851.s3.amazonaws.com",
            "bucket_prefix": null,
            "bucket_regional_domain_name": "tf-state-ip-172-31-78-18-1656092965593858851.s3.amazonaws.com",
            "cors_rule": [],
            "force_destroy": false,
            "grant": [],
            "hosted_zone_id": "Z3AQBSTGFYJSTF",
            "id": "tf-state-ip-172-31-78-18-1656092965593858851",
            "lifecycle_rule": [],
            "logging": [],
            "object_lock_configuration": [],
            "policy": null,
            "region": "us-east-1",
            "replication_configuration": [],
            "request_payer": "BucketOwner",
            "server_side_encryption_configuration": [
              {
                "rule": [
                  {
                    "apply_server_side_encryption_by_default": [
                      {
                        "kms_master_key_id": "",
                        "sse_algorithm": "AES256"
                      }
                    ],
                    "bucket_key_enabled": false
                  }
                ]
              }
            ],
            "tags": null,
            "tags_all": {},
            "versioning": [
              {
                "enabled": true,
                "mfa_delete": false
              }
            ],
            "website": [],
            "website_domain": null,
            "website_endpoint": null
          },
          "sensitive_attributes": [],
          "private": "bnVsbA==",
          "dependencies": [
            "data.external.bucket_name"
          ]
        }
      ]
    },
    {
      "mode": "managed",
      "type": "null_resource",
      "name": "gen_backend",
      "provider": "provider[\"registry.terraform.io/hashicorp/null\"]",
      "instances": []
    },
    {
      "mode": "managed",
      "type": "null_resource",
      "name": "gen_idfile",
      "provider": "provider[\"registry.terraform.io/hashicorp/null\"]",
      "instances": [
        {
          "schema_version": 0,
          "attributes": {
            "id": "5510332548053440371",
            "triggers": {
              "always_run": "2022-06-24T17:50:13Z"
            }
          },
          "sensitive_attributes": [],
          "private": "bnVsbA==",
          "dependencies": [
            "random_id.id1"
          ]
        }
      ]
    },
    {
      "mode": "managed",
      "type": "null_resource",
      "name": "sleep",
      "provider": "provider[\"registry.terraform.io/hashicorp/null\"]",
      "instances": []
    },
    {
      "mode": "managed",
      "type": "random_id",
      "name": "id1",
      "provider": "provider[\"registry.terraform.io/hashicorp/random\"]",
      "instances": [
        {
          "schema_version": 0,
          "attributes": {
            "b64_std": "pGAg7j2vVKQ=",
            "b64_url": "pGAg7j2vVKQ",
            "byte_length": 8,
            "dec": "11844503227593610404",
            "hex": "a46020ee3daf54a4",
            "id": "pGAg7j2vVKQ",
            "keepers": null,
            "prefix": null
          },
          "sensitive_attributes": [],
          "private": "bnVsbA=="
        }
      ]
    }
  ]
}
